
Microsoft Visual Studio Solution File, Format Version 12.00
# Visual Studio 15
VisualStudioVersion = 15.0.27703.2035
MinimumVisualStudioVersion = 10.0.40219.1
Project("{FAE04EC0-301F-11D3-BF4B-00C04F79EFBC}") = "IOTGatewayAPI", "IOTGatewayAPI\IOTGatewayAPI.csproj", "{F7AD3641-F278-4693-9DD3-C2A35A47185D}"
EndProject
Project("{FAE04EC0-301F-11D3-BF4B-00C04F79EFBC}") = "IOTGatewayEntity", "IOTGatewayEntity\IOTGatewayEntity.csproj", "{BD9D4909-FF6D-495C-854A-F9EC8132036D}"
EndProject
Global
	GlobalSection(SolutionConfigurationPlatforms) = preSolution
		Debug|Any CPU = Debug|Any CPU
		Release|Any CPU = Release|Any CPU
	EndGlobalSection
	GlobalSection(ProjectConfigurationPlatforms) = postSolution
		{F7AD3641-F278-4693-9DD3-C2A35A47185D}.Debug|Any CPU.ActiveCfg = Debug|Any CPU
		{F7AD3641-F278-4693-9DD3-C2A35A47185D}.Debug|Any CPU.Build.0 = Debug|Any CPU
		{F7AD3641-F278-4693-9DD3-C2A35A47185D}.Release|Any CPU.ActiveCfg = Release|Any CPU
		{F7AD3641-F278-4693-9DD3-C2A35A47185D}.Release|Any CPU.Build.0 = Release|Any CPU
		{BD9D4909-FF6D-495C-854A-F9EC8132036D}.Debug|Any CPU.ActiveCfg = Debug|Any CPU
		{BD9D4909-FF6D-495C-854A-F9EC8132036D}.Debug|Any CPU.Build.0 = Debug|Any CPU
		{BD9D4909-FF6D-495C-854A-F9EC8132036D}.Release|Any CPU.ActiveCfg = Release|Any CPU
		{BD9D4909-FF6D-495C-854A-F9EC8132036D}.Release|Any CPU.Build.0 = Release|Any CPU
	EndGlobalSection
	GlobalSection(SolutionProperties) = preSolution
		HideSolutionNode = FALSE
	EndGlobalSection
	GlobalSection(ExtensibilityGlobals) = postSolution
		SolutionGuid = {0B934F23-33EF-428A-B4E8-CCA72DD99567}
	EndGlobalSection
EndGlobal
